<Solution>
  <Project Path="src/EmberVox.Core/EmberVox.Core.csproj" />
  <Project Path="src/EmberVox.Engine/EmberVox.Engine.csproj" />
  <Project Path="src/EmberVox.Platform/EmberVox.Platform.csproj" />
  <Project Path="src/EmberVox.Rendering/EmberVox.Rendering.csproj" />
  <Project Path="src/EmberVox.Sandbox/EmberVox.Sandbox.csproj" />
</Solution>
